
Microsoft Visual Studio Solution File, Format Version 12.00
# Visual Studio Version 17
VisualStudioVersion = 17.0.32014.148
MinimumVisualStudioVersion = 10.0.40219.1
Project("{FAE04EC0-301F-11D3-BF4B-00C04F79EFBC}") = "ExtractUriageGenka", "ExtractUriageGenka\ExtractUriageGenka.csproj", "{DFCC5715-460E-4679-B461-92CB04B663E7}"
EndProject
Project("{FAE04EC0-301F-11D3-BF4B-00C04F79EFBC}") = "PcmExcelManager", "PcmExcelManager\PcmExcelManager.csproj", "{A661E8E9-7BD1-4C5E-BA01-E749FE8CA39C}"
EndProject
Global
	GlobalSection(SolutionConfigurationPlatforms) = preSolution
		Debug|Any CPU = Debug|Any CPU
		Release|Any CPU = Release|Any CPU
	EndGlobalSection
	GlobalSection(ProjectConfigurationPlatforms) = postSolution
		{DFCC5715-460E-4679-B461-92CB04B663E7}.Debug|Any CPU.ActiveCfg = Debug|Any CPU
		{DFCC5715-460E-4679-B461-92CB04B663E7}.Debug|Any CPU.Build.0 = Debug|Any CPU
		{DFCC5715-460E-4679-B461-92CB04B663E7}.Release|Any CPU.ActiveCfg = Release|Any CPU
		{DFCC5715-460E-4679-B461-92CB04B663E7}.Release|Any CPU.Build.0 = Release|Any CPU
		{A661E8E9-7BD1-4C5E-BA01-E749FE8CA39C}.Debug|Any CPU.ActiveCfg = Debug|Any CPU
		{A661E8E9-7BD1-4C5E-BA01-E749FE8CA39C}.Debug|Any CPU.Build.0 = Debug|Any CPU
		{A661E8E9-7BD1-4C5E-BA01-E749FE8CA39C}.Release|Any CPU.ActiveCfg = Release|Any CPU
		{A661E8E9-7BD1-4C5E-BA01-E749FE8CA39C}.Release|Any CPU.Build.0 = Release|Any CPU
	EndGlobalSection
	GlobalSection(SolutionProperties) = preSolution
		HideSolutionNode = FALSE
	EndGlobalSection
	GlobalSection(ExtensibilityGlobals) = postSolution
		SolutionGuid = {8DB8141D-0352-4B33-B4D2-E0FC85E7C3D3}
	EndGlobalSection
EndGlobal
